
Microsoft Visual Studio Solution File, Format Version 12.00
# Visual Studio 14
VisualStudioVersion = 14.0.25420.1
MinimumVisualStudioVersion = 10.0.40219.1
Project("{FAE04EC0-301F-11D3-BF4B-00C04F79EFBC}") = "HolaXamarinFormsMVVM", "HolaXamarinFormsMVVM\HolaXamarinFormsMVVM\HolaXamarinFormsMVVM.csproj", "{9AEE4897-43D1-4E88-AEF6-02A34A175434}"
EndProject
Project("{FAE04EC0-301F-11D3-BF4B-00C04F79EFBC}") = "HolaXamarinFormsMVVM.Droid", "HolaXamarinFormsMVVM\HolaXamarinFormsMVVM.Droid\HolaXamarinFormsMVVM.Droid.csproj", "{0CCFB042-BE0F-4E98-8FF4-C5D1E5F9BABE}"
EndProject
Project("{FAE04EC0-301F-11D3-BF4B-00C04F79EFBC}") = "HolaXamarinFormsMVVM.iOS", "HolaXamarinFormsMVVM\HolaXamarinFormsMVVM.iOS\HolaXamarinFormsMVVM.iOS.csproj", "{C9F347F0-6EFA-4908-97FC-DB35631B2652}"
EndProject
Project("{FAE04EC0-301F-11D3-BF4B-00C04F79EFBC}") = "HolaXamarinFormsMVVM.WinPhone", "HolaXamarinFormsMVVM\HolaXamarinFormsMVVM.WinPhone\HolaXamarinFormsMVVM.WinPhone.csproj", "{0AF01DF1-96BD-4EBF-829F-93CBFAF56ADF}"
EndProject
Project("{FAE04EC0-301F-11D3-BF4B-00C04F79EFBC}") = "HolaXamarinFormsMVVM.UWP", "HolaXamarinFormsMVVM\HolaXamarinFormsMVVM.UWP\HolaXamarinFormsMVVM.UWP.csproj", "{997CF208-AA18-4F60-970D-D59A23F1E50E}"
EndProject
Project("{FAE04EC0-301F-11D3-BF4B-00C04F79EFBC}") = "HolaXamarinFormsMVVM.Windows", "HolaXamarinFormsMVVM\HolaXamarinFormsMVVM.Windows\HolaXamarinFormsMVVM.Windows.csproj", "{030DE3E6-93BA-4F1F-9188-A5ADF859E816}"
EndProject
Global
	GlobalSection(SolutionConfigurationPlatforms) = preSolution
		Ad-Hoc|Any CPU = Ad-Hoc|Any CPU
		Ad-Hoc|ARM = Ad-Hoc|ARM
		Ad-Hoc|iPhone = Ad-Hoc|iPhone
		Ad-Hoc|iPhoneSimulator = Ad-Hoc|iPhoneSimulator
		Ad-Hoc|x64 = Ad-Hoc|x64
		Ad-Hoc|x86 = Ad-Hoc|x86
		AppStore|Any CPU = AppStore|Any CPU
		AppStore|ARM = AppStore|ARM
		AppStore|iPhone = AppStore|iPhone
		AppStore|iPhoneSimulator = AppStore|iPhoneSimulator
		AppStore|x64 = AppStore|x64
		AppStore|x86 = AppStore|x86
		Debug|Any CPU = Debug|Any CPU
		Debug|ARM = Debug|ARM
		Debug|iPhone = Debug|iPhone
		Debug|iPhoneSimulator = Debug|iPhoneSimulator
		Debug|x64 = Debug|x64
		Debug|x86 = Debug|x86
		Release|Any CPU = Release|Any CPU
		Release|ARM = Release|ARM
		Release|iPhone = Release|iPhone
		Release|iPhoneSimulator = Release|iPhoneSimulator
		Release|x64 = Release|x64
		Release|x86 = Release|x86
	EndGlobalSection
	GlobalSection(ProjectConfigurationPlatforms) = postSolution
		{9AEE4897-43D1-4E88-AEF6-02A34A175434}.Ad-Hoc|Any CPU.ActiveCfg = Release|Any CPU
		{9AEE4897-43D1-4E88-AEF6-02A34A175434}.Ad-Hoc|Any CPU.Build.0 = Release|Any CPU
		{9AEE4897-43D1-4E88-AEF6-02A34A175434}.Ad-Hoc|ARM.ActiveCfg = Release|Any CPU
		{9AEE4897-43D1-4E88-AEF6-02A34A175434}.Ad-Hoc|ARM.Build.0 = Release|Any CPU
		{9AEE4897-43D1-4E88-AEF6-02A34A175434}.Ad-Hoc|iPhone.ActiveCfg = Release|Any CPU
		{9AEE4897-43D1-4E88-AEF6-02A34A175434}.Ad-Hoc|iPhone.Build.0 = Release|Any CPU
		{9AEE4897-43D1-4E88-AEF6-02A34A175434}.Ad-Hoc|iPhoneSimulator.ActiveCfg = Release|Any CPU
		{9AEE4897-43D1-4E88-AEF6-02A34A175434}.Ad-Hoc|iPhoneSimulator.Build.0 = Release|Any CPU
		{9AEE4897-43D1-4E88-AEF6-02A34A175434}.Ad-Hoc|x64.ActiveCfg = Release|Any CPU
		{9AEE4897-43D1-4E88-AEF6-02A34A175434}.Ad-Hoc|x64.Build.0 = Release|Any CPU
		{9AEE4897-43D1-4E88-AEF6-02A34A175434}.Ad-Hoc|x86.ActiveCfg = Release|Any CPU
		{9AEE4897-43D1-4E88-AEF6-02A34A175434}.Ad-Hoc|x86.Build.0 = Release|Any CPU
		{9AEE4897-43D1-4E88-AEF6-02A34A175434}.AppStore|Any CPU.ActiveCfg = Release|Any CPU
		{9AEE4897-43D1-4E88-AEF6-02A34A175434}.AppStore|Any CPU.Build.0 = Release|Any CPU
		{9AEE4897-43D1-4E88-AEF6-02A34A175434}.AppStore|ARM.ActiveCfg = Release|Any CPU
		{9AEE4897-43D1-4E88-AEF6-02A34A175434}.AppStore|ARM.Build.0 = Release|Any CPU
		{9AEE4897-43D1-4E88-AEF6-02A34A175434}.AppStore|iPhone.ActiveCfg = Release|Any CPU
		{9AEE4897-43D1-4E88-AEF6-02A34A175434}.AppStore|iPhone.Build.0 = Release|Any CPU
		{9AEE4897-43D1-4E88-AEF6-02A34A175434}.AppStore|iPhoneSimulator.ActiveCfg = Release|Any CPU
		{9AEE4897-43D1-4E88-AEF6-02A34A175434}.AppStore|iPhoneSimulator.Build.0 = Release|Any CPU
		{9AEE4897-43D1-4E88-AEF6-02A34A175434}.AppStore|x64.ActiveCfg = Release|Any CPU
		{9AEE4897-43D1-4E88-AEF6-02A34A175434}.AppStore|x64.Build.0 = Release|Any CPU
		{9AEE4897-43D1-4E88-AEF6-02A34A175434}.AppStore|x86.ActiveCfg = Release|Any CPU
		{9AEE4897-43D1-4E88-AEF6-02A34A175434}.AppStore|x86.Build.0 = Release|Any CPU
		{9AEE4897-43D1-4E88-AEF6-02A34A175434}.Debug|Any CPU.ActiveCfg = Debug|Any CPU
		{9AEE4897-43D1-4E88-AEF6-02A34A175434}.Debug|Any CPU.Build.0 = Debug|Any CPU
		{9AEE4897-43D1-4E88-AEF6-02A34A175434}.Debug|ARM.ActiveCfg = Debug|Any CPU
		{9AEE4897-43D1-4E88-AEF6-02A34A175434}.Debug|ARM.Build.0 = Debug|Any CPU
		{9AEE4897-43D1-4E88-AEF6-02A34A175434}.Debug|iPhone.ActiveCfg = Debug|Any CPU
		{9AEE4897-43D1-4E88-AEF6-02A34A175434}.Debug|iPhone.Build.0 = Debug|Any CPU
		{9AEE4897-43D1-4E88-AEF6-02A34A175434}.Debug|iPhoneSimulator.ActiveCfg = Debug|Any CPU
		{9AEE4897-43D1-4E88-AEF6-02A34A175434}.Debug|iPhoneSimulator.Build.0 = Debug|Any CPU
		{9AEE4897-43D1-4E88-AEF6-02A34A175434}.Debug|x64.ActiveCfg = Debug|Any CPU
		{9AEE4897-43D1-4E88-AEF6-02A34A175434}.Debug|x64.Build.0 = Debug|Any CPU
		{9AEE4897-43D1-4E88-AEF6-02A34A175434}.Debug|x86.ActiveCfg = Debug|Any CPU
		{9AEE4897-43D1-4E88-AEF6-02A34A175434}.Debug|x86.Build.0 = Debug|Any CPU
		{9AEE4897-43D1-4E88-AEF6-02A34A175434}.Release|Any CPU.ActiveCfg = Release|Any CPU
		{9AEE4897-43D1-4E88-AEF6-02A34A175434}.Release|Any CPU.Build.0 = Release|Any CPU
		{9AEE4897-43D1-4E88-AEF6-02A34A175434}.Release|ARM.ActiveCfg = Release|Any CPU
		{9AEE4897-43D1-4E88-AEF6-02A34A175434}.Release|ARM.Build.0 = Release|Any CPU
		{9AEE4897-43D1-4E88-AEF6-02A34A175434}.Release|iPhone.ActiveCfg = Release|Any CPU
		{9AEE4897-43D1-4E88-AEF6-02A34A175434}.Release|iPhone.Build.0 = Release|Any CPU
		{9AEE4897-43D1-4E88-AEF6-02A34A175434}.Release|iPhoneSimulator.ActiveCfg = Release|Any CPU
		{9AEE4897-43D1-4E88-AEF6-02A34A175434}.Release|iPhoneSimulator.Build.0 = Release|Any CPU
		{9AEE4897-43D1-4E88-AEF6-02A34A175434}.Release|x64.ActiveCfg = Release|Any CPU
		{9AEE4897-43D1-4E88-AEF6-02A34A175434}.Release|x64.Build.0 = Release|Any CPU
		{9AEE4897-43D1-4E88-AEF6-02A34A175434}.Release|x86.ActiveCfg = Release|Any CPU
		{9AEE4897-43D1-4E88-AEF6-02A34A175434}.Release|x86.Build.0 = Release|Any CPU
		{0CCFB042-BE0F-4E98-8FF4-C5D1E5F9BABE}.Ad-Hoc|Any CPU.ActiveCfg = Release|Any CPU
		{0CCFB042-BE0F-4E98-8FF4-C5D1E5F9BABE}.Ad-Hoc|Any CPU.Build.0 = Release|Any CPU
		{0CCFB042-BE0F-4E98-8FF4-C5D1E5F9BABE}.Ad-Hoc|Any CPU.Deploy.0 = Release|Any CPU
		{0CCFB042-BE0F-4E98-8FF4-C5D1E5F9BABE}.Ad-Hoc|ARM.ActiveCfg = Release|Any CPU
		{0CCFB042-BE0F-4E98-8FF4-C5D1E5F9BABE}.Ad-Hoc|ARM.Build.0 = Release|Any CPU
		{0CCFB042-BE0F-4E98-8FF4-C5D1E5F9BABE}.Ad-Hoc|ARM.Deploy.0 = Release|Any CPU
		{0CCFB042-BE0F-4E98-8FF4-C5D1E5F9BABE}.Ad-Hoc|iPhone.ActiveCfg = Release|Any CPU
		{0CCFB042-BE0F-4E98-8FF4-C5D1E5F9BABE}.Ad-Hoc|iPhone.Build.0 = Release|Any CPU
		{0CCFB042-BE0F-4E98-8FF4-C5D1E5F9BABE}.Ad-Hoc|iPhone.Deploy.0 = Release|Any CPU
		{0CCFB042-BE0F-4E98-8FF4-C5D1E5F9BABE}.Ad-Hoc|iPhoneSimulator.ActiveCfg = Release|Any CPU
		{0CCFB042-BE0F-4E98-8FF4-C5D1E5F9BABE}.Ad-Hoc|iPhoneSimulator.Build.0 = Release|Any CPU
		{0CCFB042-BE0F-4E98-8FF4-C5D1E5F9BABE}.Ad-Hoc|iPhoneSimulator.Deploy.0 = Release|Any CPU
		{0CCFB042-BE0F-4E98-8FF4-C5D1E5F9BABE}.Ad-Hoc|x64.ActiveCfg = Release|Any CPU
		{0CCFB042-BE0F-4E98-8FF4-C5D1E5F9BABE}.Ad-Hoc|x64.Build.0 = Release|Any CPU
		{0CCFB042-BE0F-4E98-8FF4-C5D1E5F9BABE}.Ad-Hoc|x64.Deploy.0 = Release|Any CPU
		{0CCFB042-BE0F-4E98-8FF4-C5D1E5F9BABE}.Ad-Hoc|x86.ActiveCfg = Release|Any CPU
		{0CCFB042-BE0F-4E98-8FF4-C5D1E5F9BABE}.Ad-Hoc|x86.Build.0 = Release|Any CPU
		{0CCFB042-BE0F-4E98-8FF4-C5D1E5F9BABE}.Ad-Hoc|x86.Deploy.0 = Release|Any CPU
		{0CCFB042-BE0F-4E98-8FF4-C5D1E5F9BABE}.AppStore|Any CPU.ActiveCfg = Release|Any CPU
		{0CCFB042-BE0F-4E98-8FF4-C5D1E5F9BABE}.AppStore|Any CPU.Build.0 = Release|Any CPU
		{0CCFB042-BE0F-4E98-8FF4-C5D1E5F9BABE}.AppStore|Any CPU.Deploy.0 = Release|Any CPU
		{0CCFB042-BE0F-4E98-8FF4-C5D1E5F9BABE}.AppStore|ARM.ActiveCfg = Release|Any CPU
		{0CCFB042-BE0F-4E98-8FF4-C5D1E5F9BABE}.AppStore|ARM.Build.0 = Release|Any CPU
		{0CCFB042-BE0F-4E98-8FF4-C5D1E5F9BABE}.AppStore|ARM.Deploy.0 = Release|Any CPU
		{0CCFB042-BE0F-4E98-8FF4-C5D1E5F9BABE}.AppStore|iPhone.ActiveCfg = Release|Any CPU
		{0CCFB042-BE0F-4E98-8FF4-C5D1E5F9BABE}.AppStore|iPhone.Build.0 = Release|Any CPU
		{0CCFB042-BE0F-4E98-8FF4-C5D1E5F9BABE}.AppStore|iPhone.Deploy.0 = Release|Any CPU
		{0CCFB042-BE0F-4E98-8FF4-C5D1E5F9BABE}.AppStore|iPhoneSimulator.ActiveCfg = Release|Any CPU
		{0CCFB042-BE0F-4E98-8FF4-C5D1E5F9BABE}.AppStore|iPhoneSimulator.Build.0 = Release|Any CPU
		{0CCFB042-BE0F-4E98-8FF4-C5D1E5F9BABE}.AppStore|iPhoneSimulator.Deploy.0 = Release|Any CPU
		{0CCFB042-BE0F-4E98-8FF4-C5D1E5F9BABE}.AppStore|x64.ActiveCfg = Release|Any CPU
		{0CCFB042-BE0F-4E98-8FF4-C5D1E5F9BABE}.AppStore|x64.Build.0 = Release|Any CPU
		{0CCFB042-BE0F-4E98-8FF4-C5D1E5F9BABE}.AppStore|x64.Deploy.0 = Release|Any CPU
		{0CCFB042-BE0F-4E98-8FF4-C5D1E5F9BABE}.AppStore|x86.ActiveCfg = Release|Any CPU
		{0CCFB042-BE0F-4E98-8FF4-C5D1E5F9BABE}.AppStore|x86.Build.0 = Release|Any CPU
		{0CCFB042-BE0F-4E98-8FF4-C5D1E5F9BABE}.AppStore|x86.Deploy.0 = Release|Any CPU
		{0CCFB042-BE0F-4E98-8FF4-C5D1E5F9BABE}.Debug|Any CPU.ActiveCfg = Debug|Any CPU
		{0CCFB042-BE0F-4E98-8FF4-C5D1E5F9BABE}.Debug|Any CPU.Build.0 = Debug|Any CPU
		{0CCFB042-BE0F-4E98-8FF4-C5D1E5F9BABE}.Debug|Any CPU.Deploy.0 = Debug|Any CPU
		{0CCFB042-BE0F-4E98-8FF4-C5D1E5F9BABE}.Debug|ARM.ActiveCfg = Debug|Any CPU
		{0CCFB042-BE0F-4E98-8FF4-C5D1E5F9BABE}.Debug|ARM.Build.0 = Debug|Any CPU
		{0CCFB042-BE0F-4E98-8FF4-C5D1E5F9BABE}.Debug|ARM.Deploy.0 = Debug|Any CPU
		{0CCFB042-BE0F-4E98-8FF4-C5D1E5F9BABE}.Debug|iPhone.ActiveCfg = Debug|Any CPU
		{0CCFB042-BE0F-4E98-8FF4-C5D1E5F9BABE}.Debug|iPhone.Build.0 = Debug|Any CPU
		{0CCFB042-BE0F-4E98-8FF4-C5D1E5F9BABE}.Debug|iPhone.Deploy.0 = Debug|Any CPU
		{0CCFB042-BE0F-4E98-8FF4-C5D1E5F9BABE}.Debug|iPhoneSimulator.ActiveCfg = Debug|Any CPU
		{0CCFB042-BE0F-4E98-8FF4-C5D1E5F9BABE}.Debug|iPhoneSimulator.Build.0 = Debug|Any CPU
		{0CCFB042-BE0F-4E98-8FF4-C5D1E5F9BABE}.Debug|iPhoneSimulator.Deploy.0 = Debug|Any CPU
		{0CCFB042-BE0F-4E98-8FF4-C5D1E5F9BABE}.Debug|x64.ActiveCfg = Debug|Any CPU
		{0CCFB042-BE0F-4E98-8FF4-C5D1E5F9BABE}.Debug|x64.Build.0 = Debug|Any CPU
		{0CCFB042-BE0F-4E98-8FF4-C5D1E5F9BABE}.Debug|x64.Deploy.0 = Debug|Any CPU
		{0CCFB042-BE0F-4E98-8FF4-C5D1E5F9BABE}.Debug|x86.ActiveCfg = Debug|Any CPU
		{0CCFB042-BE0F-4E98-8FF4-C5D1E5F9BABE}.Debug|x86.Build.0 = Debug|Any CPU
		{0CCFB042-BE0F-4E98-8FF4-C5D1E5F9BABE}.Debug|x86.Deploy.0 = Debug|Any CPU
		{0CCFB042-BE0F-4E98-8FF4-C5D1E5F9BABE}.Release|Any CPU.ActiveCfg = Release|Any CPU
		{0CCFB042-BE0F-4E98-8FF4-C5D1E5F9BABE}.Release|Any CPU.Build.0 = Release|Any CPU
		{0CCFB042-BE0F-4E98-8FF4-C5D1E5F9BABE}.Release|Any CPU.Deploy.0 = Release|Any CPU
		{0CCFB042-BE0F-4E98-8FF4-C5D1E5F9BABE}.Release|ARM.ActiveCfg = Release|Any CPU
		{0CCFB042-BE0F-4E98-8FF4-C5D1E5F9BABE}.Release|ARM.Build.0 = Release|Any CPU
		{0CCFB042-BE0F-4E98-8FF4-C5D1E5F9BABE}.Release|ARM.Deploy.0 = Release|Any CPU
		{0CCFB042-BE0F-4E98-8FF4-C5D1E5F9BABE}.Release|iPhone.ActiveCfg = Release|Any CPU
		{0CCFB042-BE0F-4E98-8FF4-C5D1E5F9BABE}.Release|iPhone.Build.0 = Release|Any CPU
		{0CCFB042-BE0F-4E98-8FF4-C5D1E5F9BABE}.Release|iPhone.Deploy.0 = Release|Any CPU
		{0CCFB042-BE0F-4E98-8FF4-C5D1E5F9BABE}.Release|iPhoneSimulator.ActiveCfg = Release|Any CPU
		{0CCFB042-BE0F-4E98-8FF4-C5D1E5F9BABE}.Release|iPhoneSimulator.Build.0 = Release|Any CPU
		{0CCFB042-BE0F-4E98-8FF4-C5D1E5F9BABE}.Release|iPhoneSimulator.Deploy.0 = Release|Any CPU
		{0CCFB042-BE0F-4E98-8FF4-C5D1E5F9BABE}.Release|x64.ActiveCfg = Release|Any CPU
		{0CCFB042-BE0F-4E98-8FF4-C5D1E5F9BABE}.Release|x64.Build.0 = Release|Any CPU
		{0CCFB042-BE0F-4E98-8FF4-C5D1E5F9BABE}.Release|x64.Deploy.0 = Release|Any CPU
		{0CCFB042-BE0F-4E98-8FF4-C5D1E5F9BABE}.Release|x86.ActiveCfg = Release|Any CPU
		{0CCFB042-BE0F-4E98-8FF4-C5D1E5F9BABE}.Release|x86.Build.0 = Release|Any CPU
		{0CCFB042-BE0F-4E98-8FF4-C5D1E5F9BABE}.Release|x86.Deploy.0 = Release|Any CPU
		{C9F347F0-6EFA-4908-97FC-DB35631B2652}.Ad-Hoc|Any CPU.ActiveCfg = Ad-Hoc|iPhone
		{C9F347F0-6EFA-4908-97FC-DB35631B2652}.Ad-Hoc|ARM.ActiveCfg = Ad-Hoc|iPhone
		{C9F347F0-6EFA-4908-97FC-DB35631B2652}.Ad-Hoc|iPhone.ActiveCfg = Ad-Hoc|iPhone
		{C9F347F0-6EFA-4908-97FC-DB35631B2652}.Ad-Hoc|iPhone.Build.0 = Ad-Hoc|iPhone
		{C9F347F0-6EFA-4908-97FC-DB35631B2652}.Ad-Hoc|iPhoneSimulator.ActiveCfg = Ad-Hoc|iPhoneSimulator
		{C9F347F0-6EFA-4908-97FC-DB35631B2652}.Ad-Hoc|iPhoneSimulator.Build.0 = Ad-Hoc|iPhoneSimulator
		{C9F347F0-6EFA-4908-97FC-DB35631B2652}.Ad-Hoc|x64.ActiveCfg = Ad-Hoc|iPhone
		{C9F347F0-6EFA-4908-97FC-DB35631B2652}.Ad-Hoc|x86.ActiveCfg = Ad-Hoc|iPhone
		{C9F347F0-6EFA-4908-97FC-DB35631B2652}.AppStore|Any CPU.ActiveCfg = AppStore|iPhone
		{C9F347F0-6EFA-4908-97FC-DB35631B2652}.AppStore|ARM.ActiveCfg = AppStore|iPhone
		{C9F347F0-6EFA-4908-97FC-DB35631B2652}.AppStore|iPhone.ActiveCfg = AppStore|iPhone
		{C9F347F0-6EFA-4908-97FC-DB35631B2652}.AppStore|iPhone.Build.0 = AppStore|iPhone
		{C9F347F0-6EFA-4908-97FC-DB35631B2652}.AppStore|iPhoneSimulator.ActiveCfg = AppStore|iPhoneSimulator
		{C9F347F0-6EFA-4908-97FC-DB35631B2652}.AppStore|iPhoneSimulator.Build.0 = AppStore|iPhoneSimulator
		{C9F347F0-6EFA-4908-97FC-DB35631B2652}.AppStore|x64.ActiveCfg = AppStore|iPhone
		{C9F347F0-6EFA-4908-97FC-DB35631B2652}.AppStore|x86.ActiveCfg = AppStore|iPhone
		{C9F347F0-6EFA-4908-97FC-DB35631B2652}.Debug|Any CPU.ActiveCfg = Debug|iPhone
		{C9F347F0-6EFA-4908-97FC-DB35631B2652}.Debug|ARM.ActiveCfg = Debug|iPhone
		{C9F347F0-6EFA-4908-97FC-DB35631B2652}.Debug|iPhone.ActiveCfg = Debug|iPhone
		{C9F347F0-6EFA-4908-97FC-DB35631B2652}.Debug|iPhone.Build.0 = Debug|iPhone
		{C9F347F0-6EFA-4908-97FC-DB35631B2652}.Debug|iPhoneSimulator.ActiveCfg = Debug|iPhoneSimulator
		{C9F347F0-6EFA-4908-97FC-DB35631B2652}.Debug|iPhoneSimulator.Build.0 = Debug|iPhoneSimulator
		{C9F347F0-6EFA-4908-97FC-DB35631B2652}.Debug|x64.ActiveCfg = Debug|iPhone
		{C9F347F0-6EFA-4908-97FC-DB35631B2652}.Debug|x86.ActiveCfg = Debug|iPhone
		{C9F347F0-6EFA-4908-97FC-DB35631B2652}.Release|Any CPU.ActiveCfg = Release|iPhone
		{C9F347F0-6EFA-4908-97FC-DB35631B2652}.Release|ARM.ActiveCfg = Release|iPhone
		{C9F347F0-6EFA-4908-97FC-DB35631B2652}.Release|iPhone.ActiveCfg = Release|iPhone
		{C9F347F0-6EFA-4908-97FC-DB35631B2652}.Release|iPhone.Build.0 = Release|iPhone
		{C9F347F0-6EFA-4908-97FC-DB35631B2652}.Release|iPhoneSimulator.ActiveCfg = Release|iPhoneSimulator
		{C9F347F0-6EFA-4908-97FC-DB35631B2652}.Release|iPhoneSimulator.Build.0 = Release|iPhoneSimulator
		{C9F347F0-6EFA-4908-97FC-DB35631B2652}.Release|x64.ActiveCfg = Release|iPhone
		{C9F347F0-6EFA-4908-97FC-DB35631B2652}.Release|x86.ActiveCfg = Release|iPhone
		{0AF01DF1-96BD-4EBF-829F-93CBFAF56ADF}.Ad-Hoc|Any CPU.ActiveCfg = Release|Any CPU
		{0AF01DF1-96BD-4EBF-829F-93CBFAF56ADF}.Ad-Hoc|Any CPU.Build.0 = Release|Any CPU
		{0AF01DF1-96BD-4EBF-829F-93CBFAF56ADF}.Ad-Hoc|Any CPU.Deploy.0 = Release|Any CPU
		{0AF01DF1-96BD-4EBF-829F-93CBFAF56ADF}.Ad-Hoc|ARM.ActiveCfg = Release|ARM
		{0AF01DF1-96BD-4EBF-829F-93CBFAF56ADF}.Ad-Hoc|ARM.Build.0 = Release|ARM
		{0AF01DF1-96BD-4EBF-829F-93CBFAF56ADF}.Ad-Hoc|ARM.Deploy.0 = Release|ARM
		{0AF01DF1-96BD-4EBF-829F-93CBFAF56ADF}.Ad-Hoc|iPhone.ActiveCfg = Release|Any CPU
		{0AF01DF1-96BD-4EBF-829F-93CBFAF56ADF}.Ad-Hoc|iPhone.Build.0 = Release|Any CPU
		{0AF01DF1-96BD-4EBF-829F-93CBFAF56ADF}.Ad-Hoc|iPhone.Deploy.0 = Release|Any CPU
		{0AF01DF1-96BD-4EBF-829F-93CBFAF56ADF}.Ad-Hoc|iPhoneSimulator.ActiveCfg = Release|Any CPU
		{0AF01DF1-96BD-4EBF-829F-93CBFAF56ADF}.Ad-Hoc|iPhoneSimulator.Build.0 = Release|Any CPU
		{0AF01DF1-96BD-4EBF-829F-93CBFAF56ADF}.Ad-Hoc|iPhoneSimulator.Deploy.0 = Release|Any CPU
		{0AF01DF1-96BD-4EBF-829F-93CBFAF56ADF}.Ad-Hoc|x64.ActiveCfg = Release|Any CPU
		{0AF01DF1-96BD-4EBF-829F-93CBFAF56ADF}.Ad-Hoc|x64.Build.0 = Release|Any CPU
		{0AF01DF1-96BD-4EBF-829F-93CBFAF56ADF}.Ad-Hoc|x64.Deploy.0 = Release|Any CPU
		{0AF01DF1-96BD-4EBF-829F-93CBFAF56ADF}.Ad-Hoc|x86.ActiveCfg = Release|x86
		{0AF01DF1-96BD-4EBF-829F-93CBFAF56ADF}.Ad-Hoc|x86.Build.0 = Release|x86
		{0AF01DF1-96BD-4EBF-829F-93CBFAF56ADF}.Ad-Hoc|x86.Deploy.0 = Release|x86
		{0AF01DF1-96BD-4EBF-829F-93CBFAF56ADF}.AppStore|Any CPU.ActiveCfg = Release|Any CPU
		{0AF01DF1-96BD-4EBF-829F-93CBFAF56ADF}.AppStore|Any CPU.Build.0 = Release|Any CPU
		{0AF01DF1-96BD-4EBF-829F-93CBFAF56ADF}.AppStore|Any CPU.Deploy.0 = Release|Any CPU
		{0AF01DF1-96BD-4EBF-829F-93CBFAF56ADF}.AppStore|ARM.ActiveCfg = Release|ARM
		{0AF01DF1-96BD-4EBF-829F-93CBFAF56ADF}.AppStore|ARM.Build.0 = Release|ARM
		{0AF01DF1-96BD-4EBF-829F-93CBFAF56ADF}.AppStore|ARM.Deploy.0 = Release|ARM
		{0AF01DF1-96BD-4EBF-829F-93CBFAF56ADF}.AppStore|iPhone.ActiveCfg = Release|Any CPU
		{0AF01DF1-96BD-4EBF-829F-93CBFAF56ADF}.AppStore|iPhone.Build.0 = Release|Any CPU
		{0AF01DF1-96BD-4EBF-829F-93CBFAF56ADF}.AppStore|iPhone.Deploy.0 = Release|Any CPU
		{0AF01DF1-96BD-4EBF-829F-93CBFAF56ADF}.AppStore|iPhoneSimulator.ActiveCfg = Release|Any CPU
		{0AF01DF1-96BD-4EBF-829F-93CBFAF56ADF}.AppStore|iPhoneSimulator.Build.0 = Release|Any CPU
		{0AF01DF1-96BD-4EBF-829F-93CBFAF56ADF}.AppStore|iPhoneSimulator.Deploy.0 = Release|Any CPU
		{0AF01DF1-96BD-4EBF-829F-93CBFAF56ADF}.AppStore|x64.ActiveCfg = Release|Any CPU
		{0AF01DF1-96BD-4EBF-829F-93CBFAF56ADF}.AppStore|x64.Build.0 = Release|Any CPU
		{0AF01DF1-96BD-4EBF-829F-93CBFAF56ADF}.AppStore|x64.Deploy.0 = Release|Any CPU
		{0AF01DF1-96BD-4EBF-829F-93CBFAF56ADF}.AppStore|x86.ActiveCfg = Release|x86
		{0AF01DF1-96BD-4EBF-829F-93CBFAF56ADF}.AppStore|x86.Build.0 = Release|x86
		{0AF01DF1-96BD-4EBF-829F-93CBFAF56ADF}.AppStore|x86.Deploy.0 = Release|x86
		{0AF01DF1-96BD-4EBF-829F-93CBFAF56ADF}.Debug|Any CPU.ActiveCfg = Debug|Any CPU
		{0AF01DF1-96BD-4EBF-829F-93CBFAF56ADF}.Debug|Any CPU.Build.0 = Debug|Any CPU
		{0AF01DF1-96BD-4EBF-829F-93CBFAF56ADF}.Debug|Any CPU.Deploy.0 = Debug|Any CPU
		{0AF01DF1-96BD-4EBF-829F-93CBFAF56ADF}.Debug|ARM.ActiveCfg = Debug|ARM
		{0AF01DF1-96BD-4EBF-829F-93CBFAF56ADF}.Debug|ARM.Build.0 = Debug|ARM
		{0AF01DF1-96BD-4EBF-829F-93CBFAF56ADF}.Debug|ARM.Deploy.0 = Debug|ARM
		{0AF01DF1-96BD-4EBF-829F-93CBFAF56ADF}.Debug|iPhone.ActiveCfg = Debug|Any CPU
		{0AF01DF1-96BD-4EBF-829F-93CBFAF56ADF}.Debug|iPhone.Build.0 = Debug|Any CPU
		{0AF01DF1-96BD-4EBF-829F-93CBFAF56ADF}.Debug|iPhone.Deploy.0 = Debug|Any CPU
		{0AF01DF1-96BD-4EBF-829F-93CBFAF56ADF}.Debug|iPhoneSimulator.ActiveCfg = Debug|Any CPU
		{0AF01DF1-96BD-4EBF-829F-93CBFAF56ADF}.Debug|iPhoneSimulator.Build.0 = Debug|Any CPU
		{0AF01DF1-96BD-4EBF-829F-93CBFAF56ADF}.Debug|iPhoneSimulator.Deploy.0 = Debug|Any CPU
		{0AF01DF1-96BD-4EBF-829F-93CBFAF56ADF}.Debug|x64.ActiveCfg = Debug|Any CPU
		{0AF01DF1-96BD-4EBF-829F-93CBFAF56ADF}.Debug|x64.Build.0 = Debug|Any CPU
		{0AF01DF1-96BD-4EBF-829F-93CBFAF56ADF}.Debug|x64.Deploy.0 = Debug|Any CPU
		{0AF01DF1-96BD-4EBF-829F-93CBFAF56ADF}.Debug|x86.ActiveCfg = Debug|x86
		{0AF01DF1-96BD-4EBF-829F-93CBFAF56ADF}.Debug|x86.Build.0 = Debug|x86
		{0AF01DF1-96BD-4EBF-829F-93CBFAF56ADF}.Debug|x86.Deploy.0 = Debug|x86
		{0AF01DF1-96BD-4EBF-829F-93CBFAF56ADF}.Release|Any CPU.ActiveCfg = Release|Any CPU
		{0AF01DF1-96BD-4EBF-829F-93CBFAF56ADF}.Release|Any CPU.Build.0 = Release|Any CPU
		{0AF01DF1-96BD-4EBF-829F-93CBFAF56ADF}.Release|Any CPU.Deploy.0 = Release|Any CPU
		{0AF01DF1-96BD-4EBF-829F-93CBFAF56ADF}.Release|ARM.ActiveCfg = Release|ARM
		{0AF01DF1-96BD-4EBF-829F-93CBFAF56ADF}.Release|ARM.Build.0 = Release|ARM
		{0AF01DF1-96BD-4EBF-829F-93CBFAF56ADF}.Release|ARM.Deploy.0 = Release|ARM
		{0AF01DF1-96BD-4EBF-829F-93CBFAF56ADF}.Release|iPhone.ActiveCfg = Release|Any CPU
		{0AF01DF1-96BD-4EBF-829F-93CBFAF56ADF}.Release|iPhone.Build.0 = Release|Any CPU
		{0AF01DF1-96BD-4EBF-829F-93CBFAF56ADF}.Release|iPhone.Deploy.0 = Release|Any CPU
		{0AF01DF1-96BD-4EBF-829F-93CBFAF56ADF}.Release|iPhoneSimulator.ActiveCfg = Release|Any CPU
		{0AF01DF1-96BD-4EBF-829F-93CBFAF56ADF}.Release|iPhoneSimulator.Build.0 = Release|Any CPU
		{0AF01DF1-96BD-4EBF-829F-93CBFAF56ADF}.Release|iPhoneSimulator.Deploy.0 = Release|Any CPU
		{0AF01DF1-96BD-4EBF-829F-93CBFAF56ADF}.Release|x64.ActiveCfg = Release|Any CPU
		{0AF01DF1-96BD-4EBF-829F-93CBFAF56ADF}.Release|x64.Build.0 = Release|Any CPU
		{0AF01DF1-96BD-4EBF-829F-93CBFAF56ADF}.Release|x64.Deploy.0 = Release|Any CPU
		{0AF01DF1-96BD-4EBF-829F-93CBFAF56ADF}.Release|x86.ActiveCfg = Release|x86
		{0AF01DF1-96BD-4EBF-829F-93CBFAF56ADF}.Release|x86.Build.0 = Release|x86
		{0AF01DF1-96BD-4EBF-829F-93CBFAF56ADF}.Release|x86.Deploy.0 = Release|x86
		{997CF208-AA18-4F60-970D-D59A23F1E50E}.Ad-Hoc|Any CPU.ActiveCfg = Release|x86
		{997CF208-AA18-4F60-970D-D59A23F1E50E}.Ad-Hoc|Any CPU.Build.0 = Release|x86
		{997CF208-AA18-4F60-970D-D59A23F1E50E}.Ad-Hoc|Any CPU.Deploy.0 = Release|x86
		{997CF208-AA18-4F60-970D-D59A23F1E50E}.Ad-Hoc|ARM.ActiveCfg = Release|ARM
		{997CF208-AA18-4F60-970D-D59A23F1E50E}.Ad-Hoc|ARM.Build.0 = Release|ARM
		{997CF208-AA18-4F60-970D-D59A23F1E50E}.Ad-Hoc|ARM.Deploy.0 = Release|ARM
		{997CF208-AA18-4F60-970D-D59A23F1E50E}.Ad-Hoc|iPhone.ActiveCfg = Release|x86
		{997CF208-AA18-4F60-970D-D59A23F1E50E}.Ad-Hoc|iPhone.Build.0 = Release|x86
		{997CF208-AA18-4F60-970D-D59A23F1E50E}.Ad-Hoc|iPhone.Deploy.0 = Release|x86
		{997CF208-AA18-4F60-970D-D59A23F1E50E}.Ad-Hoc|iPhoneSimulator.ActiveCfg = Release|x86
		{997CF208-AA18-4F60-970D-D59A23F1E50E}.Ad-Hoc|iPhoneSimulator.Build.0 = Release|x86
		{997CF208-AA18-4F60-970D-D59A23F1E50E}.Ad-Hoc|iPhoneSimulator.Deploy.0 = Release|x86
		{997CF208-AA18-4F60-970D-D59A23F1E50E}.Ad-Hoc|x64.ActiveCfg = Release|x64
		{997CF208-AA18-4F60-970D-D59A23F1E50E}.Ad-Hoc|x64.Build.0 = Release|x64
		{997CF208-AA18-4F60-970D-D59A23F1E50E}.Ad-Hoc|x64.Deploy.0 = Release|x64
		{997CF208-AA18-4F60-970D-D59A23F1E50E}.Ad-Hoc|x86.ActiveCfg = Release|x86
		{997CF208-AA18-4F60-970D-D59A23F1E50E}.Ad-Hoc|x86.Build.0 = Release|x86
		{997CF208-AA18-4F60-970D-D59A23F1E50E}.Ad-Hoc|x86.Deploy.0 = Release|x86
		{997CF208-AA18-4F60-970D-D59A23F1E50E}.AppStore|Any CPU.ActiveCfg = Release|x86
		{997CF208-AA18-4F60-970D-D59A23F1E50E}.AppStore|Any CPU.Build.0 = Release|x86
		{997CF208-AA18-4F60-970D-D59A23F1E50E}.AppStore|Any CPU.Deploy.0 = Release|x86
		{997CF208-AA18-4F60-970D-D59A23F1E50E}.AppStore|ARM.ActiveCfg = Release|ARM
		{997CF208-AA18-4F60-970D-D59A23F1E50E}.AppStore|ARM.Build.0 = Release|ARM
		{997CF208-AA18-4F60-970D-D59A23F1E50E}.AppStore|ARM.Deploy.0 = Release|ARM
		{997CF208-AA18-4F60-970D-D59A23F1E50E}.AppStore|iPhone.ActiveCfg = Release|x86
		{997CF208-AA18-4F60-970D-D59A23F1E50E}.AppStore|iPhone.Build.0 = Release|x86
		{997CF208-AA18-4F60-970D-D59A23F1E50E}.AppStore|iPhone.Deploy.0 = Release|x86
		{997CF208-AA18-4F60-970D-D59A23F1E50E}.AppStore|iPhoneSimulator.ActiveCfg = Release|x86
		{997CF208-AA18-4F60-970D-D59A23F1E50E}.AppStore|iPhoneSimulator.Build.0 = Release|x86
		{997CF208-AA18-4F60-970D-D59A23F1E50E}.AppStore|iPhoneSimulator.Deploy.0 = Release|x86
		{997CF208-AA18-4F60-970D-D59A23F1E50E}.AppStore|x64.ActiveCfg = Release|x64
		{997CF208-AA18-4F60-970D-D59A23F1E50E}.AppStore|x64.Build.0 = Release|x64
		{997CF208-AA18-4F60-970D-D59A23F1E50E}.AppStore|x64.Deploy.0 = Release|x64
		{997CF208-AA18-4F60-970D-D59A23F1E50E}.AppStore|x86.ActiveCfg = Release|x86
		{997CF208-AA18-4F60-970D-D59A23F1E50E}.AppStore|x86.Build.0 = Release|x86
		{997CF208-AA18-4F60-970D-D59A23F1E50E}.AppStore|x86.Deploy.0 = Release|x86
		{997CF208-AA18-4F60-970D-D59A23F1E50E}.Debug|Any CPU.ActiveCfg = Debug|x86
		{997CF208-AA18-4F60-970D-D59A23F1E50E}.Debug|ARM.ActiveCfg = Debug|ARM
		{997CF208-AA18-4F60-970D-D59A23F1E50E}.Debug|ARM.Build.0 = Debug|ARM
		{997CF208-AA18-4F60-970D-D59A23F1E50E}.Debug|ARM.Deploy.0 = Debug|ARM
		{997CF208-AA18-4F60-970D-D59A23F1E50E}.Debug|iPhone.ActiveCfg = Debug|x86
		{997CF208-AA18-4F60-970D-D59A23F1E50E}.Debug|iPhoneSimulator.ActiveCfg = Debug|x86
		{997CF208-AA18-4F60-970D-D59A23F1E50E}.Debug|x64.ActiveCfg = Debug|x64
		{997CF208-AA18-4F60-970D-D59A23F1E50E}.Debug|x64.Build.0 = Debug|x64
		{997CF208-AA18-4F60-970D-D59A23F1E50E}.Debug|x64.Deploy.0 = Debug|x64
		{997CF208-AA18-4F60-970D-D59A23F1E50E}.Debug|x86.ActiveCfg = Debug|x86
		{997CF208-AA18-4F60-970D-D59A23F1E50E}.Debug|x86.Build.0 = Debug|x86
		{997CF208-AA18-4F60-970D-D59A23F1E50E}.Debug|x86.Deploy.0 = Debug|x86
		{997CF208-AA18-4F60-970D-D59A23F1E50E}.Release|Any CPU.ActiveCfg = Release|x86
		{997CF208-AA18-4F60-970D-D59A23F1E50E}.Release|ARM.ActiveCfg = Release|ARM
		{997CF208-AA18-4F60-970D-D59A23F1E50E}.Release|ARM.Build.0 = Release|ARM
		{997CF208-AA18-4F60-970D-D59A23F1E50E}.Release|ARM.Deploy.0 = Release|ARM
		{997CF208-AA18-4F60-970D-D59A23F1E50E}.Release|iPhone.ActiveCfg = Release|x86
		{997CF208-AA18-4F60-970D-D59A23F1E50E}.Release|iPhoneSimulator.ActiveCfg = Release|x86
		{997CF208-AA18-4F60-970D-D59A23F1E50E}.Release|x64.ActiveCfg = Release|x64
		{997CF208-AA18-4F60-970D-D59A23F1E50E}.Release|x64.Build.0 = Release|x64
		{997CF208-AA18-4F60-970D-D59A23F1E50E}.Release|x64.Deploy.0 = Release|x64
		{997CF208-AA18-4F60-970D-D59A23F1E50E}.Release|x86.ActiveCfg = Release|x86
		{997CF208-AA18-4F60-970D-D59A23F1E50E}.Release|x86.Build.0 = Release|x86
		{997CF208-AA18-4F60-970D-D59A23F1E50E}.Release|x86.Deploy.0 = Release|x86
		{030DE3E6-93BA-4F1F-9188-A5ADF859E816}.Ad-Hoc|Any CPU.ActiveCfg = Release|Any CPU
		{030DE3E6-93BA-4F1F-9188-A5ADF859E816}.Ad-Hoc|Any CPU.Build.0 = Release|Any CPU
		{030DE3E6-93BA-4F1F-9188-A5ADF859E816}.Ad-Hoc|Any CPU.Deploy.0 = Release|Any CPU
		{030DE3E6-93BA-4F1F-9188-A5ADF859E816}.Ad-Hoc|ARM.ActiveCfg = Release|ARM
		{030DE3E6-93BA-4F1F-9188-A5ADF859E816}.Ad-Hoc|ARM.Build.0 = Release|ARM
		{030DE3E6-93BA-4F1F-9188-A5ADF859E816}.Ad-Hoc|ARM.Deploy.0 = Release|ARM
		{030DE3E6-93BA-4F1F-9188-A5ADF859E816}.Ad-Hoc|iPhone.ActiveCfg = Release|Any CPU
		{030DE3E6-93BA-4F1F-9188-A5ADF859E816}.Ad-Hoc|iPhone.Build.0 = Release|Any CPU
		{030DE3E6-93BA-4F1F-9188-A5ADF859E816}.Ad-Hoc|iPhone.Deploy.0 = Release|Any CPU
		{030DE3E6-93BA-4F1F-9188-A5ADF859E816}.Ad-Hoc|iPhoneSimulator.ActiveCfg = Release|Any CPU
		{030DE3E6-93BA-4F1F-9188-A5ADF859E816}.Ad-Hoc|iPhoneSimulator.Build.0 = Release|Any CPU
		{030DE3E6-93BA-4F1F-9188-A5ADF859E816}.Ad-Hoc|iPhoneSimulator.Deploy.0 = Release|Any CPU
		{030DE3E6-93BA-4F1F-9188-A5ADF859E816}.Ad-Hoc|x64.ActiveCfg = Release|x64
		{030DE3E6-93BA-4F1F-9188-A5ADF859E816}.Ad-Hoc|x64.Build.0 = Release|x64
		{030DE3E6-93BA-4F1F-9188-A5ADF859E816}.Ad-Hoc|x64.Deploy.0 = Release|x64
		{030DE3E6-93BA-4F1F-9188-A5ADF859E816}.Ad-Hoc|x86.ActiveCfg = Release|x86
		{030DE3E6-93BA-4F1F-9188-A5ADF859E816}.Ad-Hoc|x86.Build.0 = Release|x86
		{030DE3E6-93BA-4F1F-9188-A5ADF859E816}.Ad-Hoc|x86.Deploy.0 = Release|x86
		{030DE3E6-93BA-4F1F-9188-A5ADF859E816}.AppStore|Any CPU.ActiveCfg = Release|Any CPU
		{030DE3E6-93BA-4F1F-9188-A5ADF859E816}.AppStore|Any CPU.Build.0 = Release|Any CPU
		{030DE3E6-93BA-4F1F-9188-A5ADF859E816}.AppStore|Any CPU.Deploy.0 = Release|Any CPU
		{030DE3E6-93BA-4F1F-9188-A5ADF859E816}.AppStore|ARM.ActiveCfg = Release|ARM
		{030DE3E6-93BA-4F1F-9188-A5ADF859E816}.AppStore|ARM.Build.0 = Release|ARM
		{030DE3E6-93BA-4F1F-9188-A5ADF859E816}.AppStore|ARM.Deploy.0 = Release|ARM
		{030DE3E6-93BA-4F1F-9188-A5ADF859E816}.AppStore|iPhone.ActiveCfg = Release|Any CPU
		{030DE3E6-93BA-4F1F-9188-A5ADF859E816}.AppStore|iPhone.Build.0 = Release|Any CPU
		{030DE3E6-93BA-4F1F-9188-A5ADF859E816}.AppStore|iPhone.Deploy.0 = Release|Any CPU
		{030DE3E6-93BA-4F1F-9188-A5ADF859E816}.AppStore|iPhoneSimulator.ActiveCfg = Release|Any CPU
		{030DE3E6-93BA-4F1F-9188-A5ADF859E816}.AppStore|iPhoneSimulator.Build.0 = Release|Any CPU
		{030DE3E6-93BA-4F1F-9188-A5ADF859E816}.AppStore|iPhoneSimulator.Deploy.0 = Release|Any CPU
		{030DE3E6-93BA-4F1F-9188-A5ADF859E816}.AppStore|x64.ActiveCfg = Release|x64
		{030DE3E6-93BA-4F1F-9188-A5ADF859E816}.AppStore|x64.Build.0 = Release|x64
		{030DE3E6-93BA-4F1F-9188-A5ADF859E816}.AppStore|x64.Deploy.0 = Release|x64
		{030DE3E6-93BA-4F1F-9188-A5ADF859E816}.AppStore|x86.ActiveCfg = Release|x86
		{030DE3E6-93BA-4F1F-9188-A5ADF859E816}.AppStore|x86.Build.0 = Release|x86
		{030DE3E6-93BA-4F1F-9188-A5ADF859E816}.AppStore|x86.Deploy.0 = Release|x86
		{030DE3E6-93BA-4F1F-9188-A5ADF859E816}.Debug|Any CPU.ActiveCfg = Debug|Any CPU
		{030DE3E6-93BA-4F1F-9188-A5ADF859E816}.Debug|Any CPU.Build.0 = Debug|Any CPU
		{030DE3E6-93BA-4F1F-9188-A5ADF859E816}.Debug|Any CPU.Deploy.0 = Debug|Any CPU
		{030DE3E6-93BA-4F1F-9188-A5ADF859E816}.Debug|ARM.ActiveCfg = Debug|ARM
		{030DE3E6-93BA-4F1F-9188-A5ADF859E816}.Debug|ARM.Build.0 = Debug|ARM
		{030DE3E6-93BA-4F1F-9188-A5ADF859E816}.Debug|ARM.Deploy.0 = Debug|ARM
		{030DE3E6-93BA-4F1F-9188-A5ADF859E816}.Debug|iPhone.ActiveCfg = Debug|Any CPU
		{030DE3E6-93BA-4F1F-9188-A5ADF859E816}.Debug|iPhone.Build.0 = Debug|Any CPU
		{030DE3E6-93BA-4F1F-9188-A5ADF859E816}.Debug|iPhone.Deploy.0 = Debug|Any CPU
		{030DE3E6-93BA-4F1F-9188-A5ADF859E816}.Debug|iPhoneSimulator.ActiveCfg = Debug|Any CPU
		{030DE3E6-93BA-4F1F-9188-A5ADF859E816}.Debug|iPhoneSimulator.Build.0 = Debug|Any CPU
		{030DE3E6-93BA-4F1F-9188-A5ADF859E816}.Debug|iPhoneSimulator.Deploy.0 = Debug|Any CPU
		{030DE3E6-93BA-4F1F-9188-A5ADF859E816}.Debug|x64.ActiveCfg = Debug|x64
		{030DE3E6-93BA-4F1F-9188-A5ADF859E816}.Debug|x64.Build.0 = Debug|x64
		{030DE3E6-93BA-4F1F-9188-A5ADF859E816}.Debug|x64.Deploy.0 = Debug|x64
		{030DE3E6-93BA-4F1F-9188-A5ADF859E816}.Debug|x86.ActiveCfg = Debug|x86
		{030DE3E6-93BA-4F1F-9188-A5ADF859E816}.Debug|x86.Build.0 = Debug|x86
		{030DE3E6-93BA-4F1F-9188-A5ADF859E816}.Debug|x86.Deploy.0 = Debug|x86
		{030DE3E6-93BA-4F1F-9188-A5ADF859E816}.Release|Any CPU.ActiveCfg = Release|Any CPU
		{030DE3E6-93BA-4F1F-9188-A5ADF859E816}.Release|Any CPU.Build.0 = Release|Any CPU
		{030DE3E6-93BA-4F1F-9188-A5ADF859E816}.Release|Any CPU.Deploy.0 = Release|Any CPU
		{030DE3E6-93BA-4F1F-9188-A5ADF859E816}.Release|ARM.ActiveCfg = Release|ARM
		{030DE3E6-93BA-4F1F-9188-A5ADF859E816}.Release|ARM.Build.0 = Release|ARM
		{030DE3E6-93BA-4F1F-9188-A5ADF859E816}.Release|ARM.Deploy.0 = Release|ARM
		{030DE3E6-93BA-4F1F-9188-A5ADF859E816}.Release|iPhone.ActiveCfg = Release|Any CPU
		{030DE3E6-93BA-4F1F-9188-A5ADF859E816}.Release|iPhone.Build.0 = Release|Any CPU
		{030DE3E6-93BA-4F1F-9188-A5ADF859E816}.Release|iPhone.Deploy.0 = Release|Any CPU
		{030DE3E6-93BA-4F1F-9188-A5ADF859E816}.Release|iPhoneSimulator.ActiveCfg = Release|Any CPU
		{030DE3E6-93BA-4F1F-9188-A5ADF859E816}.Release|iPhoneSimulator.Build.0 = Release|Any CPU
		{030DE3E6-93BA-4F1F-9188-A5ADF859E816}.Release|iPhoneSimulator.Deploy.0 = Release|Any CPU
		{030DE3E6-93BA-4F1F-9188-A5ADF859E816}.Release|x64.ActiveCfg = Release|x64
		{030DE3E6-93BA-4F1F-9188-A5ADF859E816}.Release|x64.Build.0 = Release|x64
		{030DE3E6-93BA-4F1F-9188-A5ADF859E816}.Release|x64.Deploy.0 = Release|x64
		{030DE3E6-93BA-4F1F-9188-A5ADF859E816}.Release|x86.ActiveCfg = Release|x86
		{030DE3E6-93BA-4F1F-9188-A5ADF859E816}.Release|x86.Build.0 = Release|x86
		{030DE3E6-93BA-4F1F-9188-A5ADF859E816}.Release|x86.Deploy.0 = Release|x86
	EndGlobalSection
	GlobalSection(SolutionProperties) = preSolution
		HideSolutionNode = FALSE
	EndGlobalSection
EndGlobal
